
Microsoft Visual Studio Solution File, Format Version 12.00
# Visual Studio Version 17
VisualStudioVersion = 17.7.34221.43
MinimumVisualStudioVersion = 10.0.40219.1
Project("{F184B08F-C81C-45F6-A57F-5ABD9991F28F}") = "QUESTION 5", "QUESTION 5.vbproj", "{0A1375E0-702C-4BB7-9908-82611320FC32}"
EndProject
Global
	GlobalSection(SolutionConfigurationPlatforms) = preSolution
		Debug|Any CPU = Debug|Any CPU
		Release|Any CPU = Release|Any CPU
	EndGlobalSection
	GlobalSection(ProjectConfigurationPlatforms) = postSolution
		{0A1375E0-702C-4BB7-9908-82611320FC32}.Debug|Any CPU.ActiveCfg = Debug|Any CPU
		{0A1375E0-702C-4BB7-9908-82611320FC32}.Debug|Any CPU.Build.0 = Debug|Any CPU
		{0A1375E0-702C-4BB7-9908-82611320FC32}.Release|Any CPU.ActiveCfg = Release|Any CPU
		{0A1375E0-702C-4BB7-9908-82611320FC32}.Release|Any CPU.Build.0 = Release|Any CPU
	EndGlobalSection
	GlobalSection(SolutionProperties) = preSolution
		HideSolutionNode = FALSE
	EndGlobalSection
	GlobalSection(ExtensibilityGlobals) = postSolution
		SolutionGuid = {5BEF1292-B1B9-49C9-844C-D0D3DA165741}
	EndGlobalSection
EndGlobal
